
Microsoft Visual Studio Solution File, Format Version 12.00
# Visual Studio Version 16
VisualStudioVersion = 16.0.33328.57
MinimumVisualStudioVersion = 10.0.40219.1
Project("{FAE04EC0-301F-11D3-BF4B-00C04F79EFBC}") = "Paqueteria.API", "Paqueteria.API\Paqueteria.API.csproj", "{75D20EE7-5B3F-4FFD-978D-2F712ABE717D}"
EndProject
Project("{FAE04EC0-301F-11D3-BF4B-00C04F79EFBC}") = "Paqueteria.Entities", "Paqueteria.Entities\Paqueteria.Entities.csproj", "{26189149-E997-4F10-9AC5-E7E1732090F7}"
EndProject
Project("{FAE04EC0-301F-11D3-BF4B-00C04F79EFBC}") = "Paqueteria.BusinessLogic", "Paqueteria.BusinessLogic\Paqueteria.BusinessLogic.csproj", "{7C5C7393-9C7D-42B5-BDF6-66A3C28CC116}"
EndProject
Project("{FAE04EC0-301F-11D3-BF4B-00C04F79EFBC}") = "Paqueteria.DataAccess", "Paqueteria.DataAccess\Paqueteria.DataAccess.csproj", "{B23DD969-8938-40FE-B724-24D61B274DE7}"
EndProject
Global
	GlobalSection(SolutionConfigurationPlatforms) = preSolution
		Debug|Any CPU = Debug|Any CPU
		Release|Any CPU = Release|Any CPU
	EndGlobalSection
	GlobalSection(ProjectConfigurationPlatforms) = postSolution
		{75D20EE7-5B3F-4FFD-978D-2F712ABE717D}.Debug|Any CPU.ActiveCfg = Debug|Any CPU
		{75D20EE7-5B3F-4FFD-978D-2F712ABE717D}.Debug|Any CPU.Build.0 = Debug|Any CPU
		{75D20EE7-5B3F-4FFD-978D-2F712ABE717D}.Release|Any CPU.ActiveCfg = Release|Any CPU
		{75D20EE7-5B3F-4FFD-978D-2F712ABE717D}.Release|Any CPU.Build.0 = Release|Any CPU
		{26189149-E997-4F10-9AC5-E7E1732090F7}.Debug|Any CPU.ActiveCfg = Debug|Any CPU
		{26189149-E997-4F10-9AC5-E7E1732090F7}.Debug|Any CPU.Build.0 = Debug|Any CPU
		{26189149-E997-4F10-9AC5-E7E1732090F7}.Release|Any CPU.ActiveCfg = Release|Any CPU
		{26189149-E997-4F10-9AC5-E7E1732090F7}.Release|Any CPU.Build.0 = Release|Any CPU
		{7C5C7393-9C7D-42B5-BDF6-66A3C28CC116}.Debug|Any CPU.ActiveCfg = Debug|Any CPU
		{7C5C7393-9C7D-42B5-BDF6-66A3C28CC116}.Debug|Any CPU.Build.0 = Debug|Any CPU
		{7C5C7393-9C7D-42B5-BDF6-66A3C28CC116}.Release|Any CPU.ActiveCfg = Release|Any CPU
		{7C5C7393-9C7D-42B5-BDF6-66A3C28CC116}.Release|Any CPU.Build.0 = Release|Any CPU
		{B23DD969-8938-40FE-B724-24D61B274DE7}.Debug|Any CPU.ActiveCfg = Debug|Any CPU
		{B23DD969-8938-40FE-B724-24D61B274DE7}.Debug|Any CPU.Build.0 = Debug|Any CPU
		{B23DD969-8938-40FE-B724-24D61B274DE7}.Release|Any CPU.ActiveCfg = Release|Any CPU
		{B23DD969-8938-40FE-B724-24D61B274DE7}.Release|Any CPU.Build.0 = Release|Any CPU
	EndGlobalSection
	GlobalSection(SolutionProperties) = preSolution
		HideSolutionNode = FALSE
	EndGlobalSection
	GlobalSection(ExtensibilityGlobals) = postSolution
		SolutionGuid = {81D5BE88-5294-4371-94D6-B6E8F4C48F24}
	EndGlobalSection
EndGlobal
